// !$*UTF8*$!
{
	archiveVersion = 1;
	classes = {
	};
	objectVersion = 56;
	objects = {

/* Begin PBXBuildFile section */
		AA000000000000000000001E /* iOSApp.swift in Sources */ = {isa = PBXBuildFile; fileRef = AA0000000000000000000001 /* iOSApp.swift */; };
		AA000000000000000000001F /* ContentView.swift in Sources */ = {isa = PBXBuildFile; fileRef = AA0000000000000000000002 /* ContentView.swift */; };
		AA0000000000000000000020 /* Assets.xcassets in Resources */ = {isa = PBXBuildFile; fileRef = AA0000000000000000000003 /* Assets.xcassets */; };
		AA0000000000000000000021 /* ComposeApp.xcframework in Frameworks */ = {isa = PBXBuildFile; fileRef = AA0000000000000000000030 /* ComposeApp.xcframework */; };
		AA000000000000000000002E /* macOSApp.swift in Sources */ = {isa = PBXBuildFile; fileRef = AA0000000000000000000010 /* macOSApp.swift */; };
		AA000000000000000000002F /* ContentView.swift in Sources */ = {isa = PBXBuildFile; fileRef = AA0000000000000000000011 /* ContentView.swift */; };
		AA000000000000000000003E /* Assets.xcassets in Resources */ = {isa = PBXBuildFile; fileRef = AA0000000000000000000012 /* Assets.xcassets */; };
		AA000000000000000000003F /* ComposeApp.xcframework in Frameworks */ = {isa = PBXBuildFile; fileRef = AA0000000000000000000030 /* ComposeApp.xcframework */; };
		AA00000000000000000108 /* KotlinBridge.swift in Sources */ = {isa = PBXBuildFile; fileRef = AA00000000000000000107 /* KotlinBridge.swift */; };
		AA00000000000000000109 /* KotlinBridge.swift in Sources */ = {isa = PBXBuildFile; fileRef = AA00000000000000000107 /* KotlinBridge.swift */; };
		AA00000000000000000152 /* DesignTokens.swift in Sources */ = {isa = PBXBuildFile; fileRef = AA00000000000000000151 /* DesignTokens.swift */; };
		AA00000000000000000153 /* DesignTokens.swift in Sources */ = {isa = PBXBuildFile; fileRef = AA00000000000000000151 /* DesignTokens.swift */; };
		AA0000000000000000010b /* ChatModels.swift in Sources */ = {isa = PBXBuildFile; fileRef = AA0000000000000000010a /* ChatModels.swift */; };
		AA0000000000000000010c /* ChatModels.swift in Sources */ = {isa = PBXBuildFile; fileRef = AA0000000000000000010a /* ChatModels.swift */; };
		AA0000000000000000010e /* ProviderModels.swift in Sources */ = {isa = PBXBuildFile; fileRef = AA0000000000000000010d /* ProviderModels.swift */; };
		AA0000000000000000010f /* ProviderModels.swift in Sources */ = {isa = PBXBuildFile; fileRef = AA0000000000000000010d /* ProviderModels.swift */; };
		AA00000000000000000111 /* ChatViewModel.swift in Sources */ = {isa = PBXBuildFile; fileRef = AA00000000000000000110 /* ChatViewModel.swift */; };
		AA00000000000000000112 /* ChatViewModel.swift in Sources */ = {isa = PBXBuildFile; fileRef = AA00000000000000000110 /* ChatViewModel.swift */; };
		AA00000000000000000114 /* SettingsViewModel.swift in Sources */ = {isa = PBXBuildFile; fileRef = AA00000000000000000113 /* SettingsViewModel.swift */; };
		AA00000000000000000115 /* SettingsViewModel.swift in Sources */ = {isa = PBXBuildFile; fileRef = AA00000000000000000113 /* SettingsViewModel.swift */; };
		AA00000000000000000117 /* MarkdownResponseView.swift in Sources */ = {isa = PBXBuildFile; fileRef = AA00000000000000000116 /* MarkdownResponseView.swift */; };
		AA00000000000000000118 /* MarkdownResponseView.swift in Sources */ = {isa = PBXBuildFile; fileRef = AA00000000000000000116 /* MarkdownResponseView.swift */; };
		AA0000000000000000011a /* ResponseActionsBar.swift in Sources */ = {isa = PBXBuildFile; fileRef = AA00000000000000000119 /* ResponseActionsBar.swift */; };
		AA0000000000000000011b /* ResponseActionsBar.swift in Sources */ = {isa = PBXBuildFile; fileRef = AA00000000000000000119 /* ResponseActionsBar.swift */; };
		AA0000000000000000011d /* ResponseCardView.swift in Sources */ = {isa = PBXBuildFile; fileRef = AA0000000000000000011c /* ResponseCardView.swift */; };
		AA0000000000000000011e /* ResponseCardView.swift in Sources */ = {isa = PBXBuildFile; fileRef = AA0000000000000000011c /* ResponseCardView.swift */; };
		AA00000000000000000120 /* HeaderView.swift in Sources */ = {isa = PBXBuildFile; fileRef = AA0000000000000000011f /* HeaderView.swift */; };
		AA00000000000000000121 /* HeaderView.swift in Sources */ = {isa = PBXBuildFile; fileRef = AA0000000000000000011f /* HeaderView.swift */; };
		AA00000000000000000123 /* ChatListView.swift in Sources */ = {isa = PBXBuildFile; fileRef = AA00000000000000000122 /* ChatListView.swift */; };
		AA00000000000000000124 /* ChatListView.swift in Sources */ = {isa = PBXBuildFile; fileRef = AA00000000000000000122 /* ChatListView.swift */; };
		AA00000000000000000126 /* PromptAreaView.swift in Sources */ = {isa = PBXBuildFile; fileRef = AA00000000000000000125 /* PromptAreaView.swift */; };
		AA00000000000000000127 /* PromptAreaView.swift in Sources */ = {isa = PBXBuildFile; fileRef = AA00000000000000000125 /* PromptAreaView.swift */; };
		AA00000000000000000129 /* DraggableSplitter.swift in Sources */ = {isa = PBXBuildFile; fileRef = AA00000000000000000128 /* DraggableSplitter.swift */; };
		AA0000000000000000012a /* DraggableSplitter.swift in Sources */ = {isa = PBXBuildFile; fileRef = AA00000000000000000128 /* DraggableSplitter.swift */; };
		AA0000000000000000012c /* TagChipsView.swift in Sources */ = {isa = PBXBuildFile; fileRef = AA0000000000000000012b /* TagChipsView.swift */; };
		AA0000000000000000012d /* TagChipsView.swift in Sources */ = {isa = PBXBuildFile; fileRef = AA0000000000000000012b /* TagChipsView.swift */; };
		AA0000000000000000012f /* ChatSettingsView.swift in Sources */ = {isa = PBXBuildFile; fileRef = AA0000000000000000012e /* ChatSettingsView.swift */; };
		AA00000000000000000130 /* ChatSettingsView.swift in Sources */ = {isa = PBXBuildFile; fileRef = AA0000000000000000012e /* ChatSettingsView.swift */; };
		AA00000000000000000132 /* ModelSelectorView.swift in Sources */ = {isa = PBXBuildFile; fileRef = AA00000000000000000131 /* ModelSelectorView.swift */; };
		AA00000000000000000133 /* ModelSelectorView.swift in Sources */ = {isa = PBXBuildFile; fileRef = AA00000000000000000131 /* ModelSelectorView.swift */; };
		AA00000000000000000135 /* SettingsView.swift in Sources */ = {isa = PBXBuildFile; fileRef = AA00000000000000000134 /* SettingsView.swift */; };
		AA00000000000000000136 /* SettingsView.swift in Sources */ = {isa = PBXBuildFile; fileRef = AA00000000000000000134 /* SettingsView.swift */; };
		AA00000000000000000138 /* ProvidersTabView.swift in Sources */ = {isa = PBXBuildFile; fileRef = AA00000000000000000137 /* ProvidersTabView.swift */; };
		AA00000000000000000139 /* ProvidersTabView.swift in Sources */ = {isa = PBXBuildFile; fileRef = AA00000000000000000137 /* ProvidersTabView.swift */; };
		AA0000000000000000013b /* ChatsTabView.swift in Sources */ = {isa = PBXBuildFile; fileRef = AA0000000000000000013a /* ChatsTabView.swift */; };
		AA0000000000000000013c /* ChatsTabView.swift in Sources */ = {isa = PBXBuildFile; fileRef = AA0000000000000000013a /* ChatsTabView.swift */; };
		AA0000000000000000013e /* GlobalTabView.swift in Sources */ = {isa = PBXBuildFile; fileRef = AA0000000000000000013d /* GlobalTabView.swift */; };
		AA0000000000000000013f /* GlobalTabView.swift in Sources */ = {isa = PBXBuildFile; fileRef = AA0000000000000000013d /* GlobalTabView.swift */; };
		AA00000000000000000141 /* ExportTabView.swift in Sources */ = {isa = PBXBuildFile; fileRef = AA00000000000000000140 /* ExportTabView.swift */; };
		AA00000000000000000142 /* ExportTabView.swift in Sources */ = {isa = PBXBuildFile; fileRef = AA00000000000000000140 /* ExportTabView.swift */; };
		AA00000000000000000147 /* Views/MainChatView.swift in Sources */ = {isa = PBXBuildFile; fileRef = AA00000000000000000150 /* Views/MainChatView.swift */; };
		AA00000000000000000148 /* Views/MacMainChatView.swift in Sources */ = {isa = PBXBuildFile; fileRef = AA00000000000000000149 /* Views/MacMainChatView.swift */; };
/* End PBXBuildFile section */

/* Begin PBXContainerItemProxy section */
		AA00000000000000000000P0 /* PBXContainerItemProxy */ = {
			isa = PBXContainerItemProxy;
			containerPortal = AA00000000000000000000FF /* Project object */;
			proxyType = 1;
			remoteGlobalIDString = AA00000000000000000000D2;
			remoteInfo = "KMP Build";
		};
		AA00000000000000000000P1 /* PBXContainerItemProxy */ = {
			isa = PBXContainerItemProxy;
			containerPortal = AA00000000000000000000FF /* Project object */;
			proxyType = 1;
			remoteGlobalIDString = AA00000000000000000000D2;
			remoteInfo = "KMP Build";
		};
/* End PBXContainerItemProxy section */

/* Begin PBXFileReference section */
		AA0000000000000000000001 /* iOSApp.swift */ = {isa = PBXFileReference; lastKnownFileType = sourcecode.swift; path = iOSApp.swift; sourceTree = "<group>"; };
		AA0000000000000000000002 /* ContentView.swift */ = {isa = PBXFileReference; lastKnownFileType = sourcecode.swift; path = ContentView.swift; sourceTree = "<group>"; };
		AA0000000000000000000003 /* Assets.xcassets */ = {isa = PBXFileReference; lastKnownFileType = folder.assetcatalog; path = Assets.xcassets; sourceTree = "<group>"; };
		AA0000000000000000000004 /* Info.plist */ = {isa = PBXFileReference; lastKnownFileType = text.plist.xml; path = Info.plist; sourceTree = "<group>"; };
		AA0000000000000000000010 /* macOSApp.swift */ = {isa = PBXFileReference; lastKnownFileType = sourcecode.swift; path = macOSApp.swift; sourceTree = "<group>"; };
		AA0000000000000000000011 /* ContentView.swift */ = {isa = PBXFileReference; lastKnownFileType = sourcecode.swift; path = ContentView.swift; sourceTree = "<group>"; };
		AA0000000000000000000012 /* Assets.xcassets */ = {isa = PBXFileReference; lastKnownFileType = folder.assetcatalog; path = Assets.xcassets; sourceTree = "<group>"; };
		AA0000000000000000000013 /* Info.plist */ = {isa = PBXFileReference; lastKnownFileType = text.plist.xml; path = Info.plist; sourceTree = "<group>"; };
		AA0000000000000000000014 /* YoPt.entitlements */ = {isa = PBXFileReference; lastKnownFileType = text.plist.entitlements; path = YoPt.entitlements; sourceTree = "<group>"; };
		AA0000000000000000000030 /* ComposeApp.xcframework */ = {isa = PBXFileReference; lastKnownFileType = wrapper.xcframework; name = ComposeApp.xcframework; path = "../composeApp/build/XCFrameworks/debug/ComposeApp.xcframework"; sourceTree = "<group>"; };
		AA00000000000000000000A0 /* YoPt iOS.app */ = {isa = PBXFileReference; explicitFileType = wrapper.application; includeInIndex = 0; path = "YoPt iOS.app"; sourceTree = BUILT_PRODUCTS_DIR; };
		AA00000000000000000000A1 /* YoPt macOS.app */ = {isa = PBXFileReference; explicitFileType = wrapper.application; includeInIndex = 0; path = "YoPt macOS.app"; sourceTree = BUILT_PRODUCTS_DIR; };
		AA00000000000000000107 /* KotlinBridge.swift */ = {isa = PBXFileReference; lastKnownFileType = sourcecode.swift; path = KotlinBridge.swift; sourceTree = "<group>"; };
		AA0000000000000000010a /* ChatModels.swift */ = {isa = PBXFileReference; lastKnownFileType = sourcecode.swift; path = ChatModels.swift; sourceTree = "<group>"; };
		AA0000000000000000010d /* ProviderModels.swift */ = {isa = PBXFileReference; lastKnownFileType = sourcecode.swift; path = ProviderModels.swift; sourceTree = "<group>"; };
		AA00000000000000000110 /* ChatViewModel.swift */ = {isa = PBXFileReference; lastKnownFileType = sourcecode.swift; path = ChatViewModel.swift; sourceTree = "<group>"; };
		AA00000000000000000113 /* SettingsViewModel.swift */ = {isa = PBXFileReference; lastKnownFileType = sourcecode.swift; path = SettingsViewModel.swift; sourceTree = "<group>"; };
		AA00000000000000000116 /* MarkdownResponseView.swift */ = {isa = PBXFileReference; lastKnownFileType = sourcecode.swift; path = MarkdownResponseView.swift; sourceTree = "<group>"; };
		AA00000000000000000119 /* ResponseActionsBar.swift */ = {isa = PBXFileReference; lastKnownFileType = sourcecode.swift; path = ResponseActionsBar.swift; sourceTree = "<group>"; };
		AA0000000000000000011c /* ResponseCardView.swift */ = {isa = PBXFileReference; lastKnownFileType = sourcecode.swift; path = ResponseCardView.swift; sourceTree = "<group>"; };
		AA0000000000000000011f /* HeaderView.swift */ = {isa = PBXFileReference; lastKnownFileType = sourcecode.swift; path = HeaderView.swift; sourceTree = "<group>"; };
		AA00000000000000000122 /* ChatListView.swift */ = {isa = PBXFileReference; lastKnownFileType = sourcecode.swift; path = ChatListView.swift; sourceTree = "<group>"; };
		AA00000000000000000125 /* PromptAreaView.swift */ = {isa = PBXFileReference; lastKnownFileType = sourcecode.swift; path = PromptAreaView.swift; sourceTree = "<group>"; };
		AA00000000000000000128 /* DraggableSplitter.swift */ = {isa = PBXFileReference; lastKnownFileType = sourcecode.swift; path = DraggableSplitter.swift; sourceTree = "<group>"; };
		AA0000000000000000012b /* TagChipsView.swift */ = {isa = PBXFileReference; lastKnownFileType = sourcecode.swift; path = TagChipsView.swift; sourceTree = "<group>"; };
		AA0000000000000000012e /* ChatSettingsView.swift */ = {isa = PBXFileReference; lastKnownFileType = sourcecode.swift; path = ChatSettingsView.swift; sourceTree = "<group>"; };
		AA00000000000000000131 /* ModelSelectorView.swift */ = {isa = PBXFileReference; lastKnownFileType = sourcecode.swift; path = ModelSelectorView.swift; sourceTree = "<group>"; };
		AA00000000000000000134 /* SettingsView.swift */ = {isa = PBXFileReference; lastKnownFileType = sourcecode.swift; path = SettingsView.swift; sourceTree = "<group>"; };
		AA00000000000000000137 /* ProvidersTabView.swift */ = {isa = PBXFileReference; lastKnownFileType = sourcecode.swift; path = ProvidersTabView.swift; sourceTree = "<group>"; };
		AA0000000000000000013a /* ChatsTabView.swift */ = {isa = PBXFileReference; lastKnownFileType = sourcecode.swift; path = ChatsTabView.swift; sourceTree = "<group>"; };
		AA0000000000000000013d /* GlobalTabView.swift */ = {isa = PBXFileReference; lastKnownFileType = sourcecode.swift; path = GlobalTabView.swift; sourceTree = "<group>"; };
		AA00000000000000000140 /* ExportTabView.swift */ = {isa = PBXFileReference; lastKnownFileType = sourcecode.swift; path = ExportTabView.swift; sourceTree = "<group>"; };
		AA00000000000000000146 /* MainChatView.swift */ = {isa = PBXFileReference; lastKnownFileType = sourcecode.swift; path = MainChatView.swift; sourceTree = "<group>"; };
		AA00000000000000000149 /* MacMainChatView.swift */ = {isa = PBXFileReference; lastKnownFileType = sourcecode.swift; path = MacMainChatView.swift; sourceTree = "<group>"; };
		AA00000000000000000150 /* MainChatView.swift */ = {isa = PBXFileReference; lastKnownFileType = sourcecode.swift; path = MainChatView.swift; sourceTree = "<group>"; };
		AA00000000000000000151 /* DesignTokens.swift */ = {isa = PBXFileReference; lastKnownFileType = sourcecode.swift; path = DesignTokens.swift; sourceTree = "<group>"; };
/* End PBXFileReference section */

/* Begin PBXFrameworksBuildPhase section */
		AA00000000000000000000B0 /* Frameworks */ = {
			isa = PBXFrameworksBuildPhase;
			buildActionMask = 2147483647;
			files = (
				AA0000000000000000000021 /* ComposeApp.xcframework in Frameworks */,
			);
			runOnlyForDeploymentPostprocessing = 0;
		};
		AA00000000000000000000B1 /* Frameworks */ = {
			isa = PBXFrameworksBuildPhase;
			buildActionMask = 2147483647;
			files = (
				AA000000000000000000003F /* ComposeApp.xcframework in Frameworks */,
			);
			runOnlyForDeploymentPostprocessing = 0;
		};
/* End PBXFrameworksBuildPhase section */

/* Begin PBXGroup section */
		AA00000000000000000000C0 /* root */ = {
			isa = PBXGroup;
			children = (
				AA00000000000000000101 /* Shared */,
				AA00000000000000000000C1 /* iosApp */,
				AA00000000000000000000C2 /* macApp */,
				AA00000000000000000000C3 /* Frameworks */,
				AA00000000000000000000C4 /* Products */,
			);
			sourceTree = "<group>";
		};
		AA00000000000000000000C1 /* iosApp */ = {
			isa = PBXGroup;
			children = (
				AA00000000000000000105 /* Views */,
				AA0000000000000000000001 /* iOSApp.swift */,
				AA0000000000000000000003 /* Assets.xcassets */,
				AA0000000000000000000004 /* Info.plist */,
			);
			path = iosApp;
			sourceTree = "<group>";
		};
		AA00000000000000000000C2 /* macApp */ = {
			isa = PBXGroup;
			children = (
				AA00000000000000000106 /* Views */,
				AA0000000000000000000010 /* macOSApp.swift */,
				AA0000000000000000000012 /* Assets.xcassets */,
				AA0000000000000000000013 /* Info.plist */,
				AA0000000000000000000014 /* YoPt.entitlements */,
			);
			path = macApp;
			sourceTree = "<group>";
		};
		AA00000000000000000000C3 /* Frameworks */ = {
			isa = PBXGroup;
			children = (
				AA0000000000000000000030 /* ComposeApp.xcframework */,
			);
			name = Frameworks;
			sourceTree = "<group>";
		};
		AA00000000000000000000C4 /* Products */ = {
			isa = PBXGroup;
			children = (
				AA00000000000000000000A0 /* YoPt iOS.app */,
				AA00000000000000000000A1 /* YoPt macOS.app */,
			);
			name = Products;
			sourceTree = "<group>";
		};
		AA00000000000000000101 /* Shared */ = {
			isa = PBXGroup;
			children = (
				AA00000000000000000102 /* Models */,
				AA00000000000000000103 /* ViewModels */,
				AA00000000000000000104 /* Components */,
				AA00000000000000000107 /* KotlinBridge.swift */,
				AA00000000000000000151 /* DesignTokens.swift */,
			);
			path = Shared;
			sourceTree = "<group>";
		};
		AA00000000000000000102 /* Models */ = {
			isa = PBXGroup;
			children = (
				AA0000000000000000010a /* ChatModels.swift */,
				AA0000000000000000010d /* ProviderModels.swift */,
			);
			path = Models;
			sourceTree = "<group>";
		};
		AA00000000000000000103 /* ViewModels */ = {
			isa = PBXGroup;
			children = (
				AA00000000000000000110 /* ChatViewModel.swift */,
				AA00000000000000000113 /* SettingsViewModel.swift */,
			);
			path = ViewModels;
			sourceTree = "<group>";
		};
		AA00000000000000000104 /* Components */ = {
			isa = PBXGroup;
			children = (
				AA00000000000000000116 /* MarkdownResponseView.swift */,
				AA00000000000000000119 /* ResponseActionsBar.swift */,
				AA0000000000000000011c /* ResponseCardView.swift */,
				AA0000000000000000011f /* HeaderView.swift */,
				AA00000000000000000122 /* ChatListView.swift */,
				AA00000000000000000125 /* PromptAreaView.swift */,
				AA00000000000000000128 /* DraggableSplitter.swift */,
				AA0000000000000000012b /* TagChipsView.swift */,
				AA0000000000000000012e /* ChatSettingsView.swift */,
				AA00000000000000000131 /* ModelSelectorView.swift */,
				AA00000000000000000134 /* SettingsView.swift */,
				AA00000000000000000137 /* ProvidersTabView.swift */,
				AA0000000000000000013a /* ChatsTabView.swift */,
				AA0000000000000000013d /* GlobalTabView.swift */,
				AA00000000000000000140 /* ExportTabView.swift */,
			);
			path = Components;
			sourceTree = "<group>";
		};
		AA00000000000000000105 /* Views */ = {
			isa = PBXGroup;
			children = (
				AA00000000000000000146 /* MainChatView.swift */,
			);
			path = Views;
			sourceTree = "<group>";
		};
		AA00000000000000000106 /* Views */ = {
			isa = PBXGroup;
			children = (
				AA00000000000000000149 /* MacMainChatView.swift */,
			);
			path = Views;
			sourceTree = "<group>";
		};
/* End PBXGroup section */

/* Begin PBXAggregateTarget section */
		AA00000000000000000000D2 /* KMP Build */ = {
			isa = PBXAggregateTarget;
			buildConfigurationList = AA00000000000000000000E3 /* Build configuration list for PBXAggregateTarget "KMP Build" */;
			buildPhases = (
				AA00000000000000000000F2 /* Run Script: Build KMP XCFramework */,
			);
			dependencies = (
			);
			name = "KMP Build";
			productName = "KMP Build";
		};
/* End PBXAggregateTarget section */

/* Begin PBXNativeTarget section */
		AA00000000000000000000D0 /* YoPt iOS */ = {
			isa = PBXNativeTarget;
			buildConfigurationList = AA00000000000000000000E0 /* Build configuration list for PBXNativeTarget "YoPt iOS" */;
			buildPhases = (
				AA00000000000000000000B0 /* Frameworks */,
				AA00000000000000000000B2 /* Sources */,
				AA00000000000000000000B3 /* Resources */,
			);
			buildRules = (
			);
			dependencies = (
				AA00000000000000000000T0 /* PBXTargetDependency */,
			);
			name = "YoPt iOS";
			productName = "YoPt iOS";
			productReference = AA00000000000000000000A0 /* YoPt iOS.app */;
			productType = "com.apple.product-type.application";
		};
		AA00000000000000000000D1 /* YoPt macOS */ = {
			isa = PBXNativeTarget;
			buildConfigurationList = AA00000000000000000000E1 /* Build configuration list for PBXNativeTarget "YoPt macOS" */;
			buildPhases = (
				AA00000000000000000000B1 /* Frameworks */,
				AA00000000000000000000B4 /* Sources */,
				AA00000000000000000000B5 /* Resources */,
				AA00000000000000000000F3 /* Run Script: Copy Compose Resources */,
			);
			buildRules = (
			);
			dependencies = (
				AA00000000000000000000T1 /* PBXTargetDependency */,
			);
			name = "YoPt macOS";
			productName = "YoPt macOS";
			productReference = AA00000000000000000000A1 /* YoPt macOS.app */;
			productType = "com.apple.product-type.application";
		};
/* End PBXNativeTarget section */

/* Begin PBXProject section */
		AA00000000000000000000FF /* Project object */ = {
			isa = PBXProject;
			attributes = {
				BuildIndependentTargetsInParallel = 1;
				LastSwiftUpdateCheck = 1600;
				LastUpgradeCheck = 1600;
				TargetAttributes = {
					AA00000000000000000000D0 = {
						CreatedOnToolsVersion = 16.0;
					};
					AA00000000000000000000D1 = {
						CreatedOnToolsVersion = 16.0;
					};
					AA00000000000000000000D2 = {
						CreatedOnToolsVersion = 16.0;
					};
				};
			};
			buildConfigurationList = AA00000000000000000000E2 /* Build configuration list for PBXProject "YoPt" */;
			compatibilityVersion = "Xcode 14.0";
			developmentRegion = en;
			hasScannedForEncodings = 0;
			knownRegions = (
				en,
				Base,
			);
			mainGroup = AA00000000000000000000C0;
			productRefGroup = AA00000000000000000000C4 /* Products */;
			projectDirPath = "";
			projectRoot = "";
			targets = (
				AA00000000000000000000D0 /* YoPt iOS */,
				AA00000000000000000000D1 /* YoPt macOS */,
				AA00000000000000000000D2 /* KMP Build */,
			);
		};
/* End PBXProject section */

/* Begin PBXResourcesBuildPhase section */
		AA00000000000000000000B3 /* Resources */ = {
			isa = PBXResourcesBuildPhase;
			buildActionMask = 2147483647;
			files = (
				AA0000000000000000000020 /* Assets.xcassets in Resources */,
			);
			runOnlyForDeploymentPostprocessing = 0;
		};
		AA00000000000000000000B5 /* Resources */ = {
			isa = PBXResourcesBuildPhase;
			buildActionMask = 2147483647;
			files = (
				AA000000000000000000003E /* Assets.xcassets in Resources */,
			);
			runOnlyForDeploymentPostprocessing = 0;
		};
/* End PBXResourcesBuildPhase section */

/* Begin PBXShellScriptBuildPhase section */
		AA00000000000000000000F2 /* Run Script: Build KMP XCFramework */ = {
			isa = PBXShellScriptBuildPhase;
			buildActionMask = 2147483647;
			files = (
			);
			inputFileListPaths = (
			);
			inputPaths = (
			);
			name = "Build KMP XCFramework";
			outputFileListPaths = (
			);
			outputPaths = (
				"$(SRCROOT)/../composeApp/build/XCFrameworks/debug/ComposeApp.xcframework",
			);
			runOnlyForDeploymentPostprocessing = 0;
			shellPath = /bin/sh;
			shellScript = "cd \"$SRCROOT/..\"\n./gradlew :shared:linkDebugFrameworkIosArm64 :shared:linkDebugFrameworkIosSimulatorArm64 :composeApp:assembleComposeAppDebugXCFramework\n";
		};
		AA00000000000000000000F3 /* Run Script: Copy Compose Resources */ = {
			isa = PBXShellScriptBuildPhase;
			buildActionMask = 2147483647;
			files = (
			);
			inputFileListPaths = (
			);
			inputPaths = (
				"$(SRCROOT)/../composeApp/build/generated/compose/resourceGenerator/preparedResources/commonMain/composeResources",
			);
			name = "Copy Compose Resources";
			outputFileListPaths = (
			);
			outputPaths = (
				"$(TARGET_BUILD_DIR)/$(CONTENTS_FOLDER_PATH)/Resources/compose-resources/composeResources",
			);
			runOnlyForDeploymentPostprocessing = 0;
			shellPath = /bin/sh;
			shellScript = "SRC=\"$SRCROOT/../composeApp/build/generated/compose/resourceGenerator/preparedResources/commonMain/composeResources\"\nDST=\"$TARGET_BUILD_DIR/$CONTENTS_FOLDER_PATH/Resources/compose-resources/composeResources/yopt.composeapp.generated.resources\"\nif [ -d \"$SRC\" ]; then\n  mkdir -p \"$DST\"\n  cp -R \"$SRC\"/ \"$DST\"\n  echo \"Copied compose resources to $DST\"\nelse\n  echo \"warning: Compose resources not found at $SRC\"\nfi\n";
		};
/* End PBXShellScriptBuildPhase section */

/* Begin PBXSourcesBuildPhase section */
		AA00000000000000000000B2 /* Sources */ = {
			isa = PBXSourcesBuildPhase;
			buildActionMask = 2147483647;
files = (
				AA000000000000000000001E /* iOSApp.swift in Sources */,
				AA00000000000000000108 /* KotlinBridge.swift in Sources */,
				AA0000000000000000010b /* ChatModels.swift in Sources */,
				AA0000000000000000010e /* ProviderModels.swift in Sources */,
				AA00000000000000000111 /* ChatViewModel.swift in Sources */,
				AA00000000000000000114 /* SettingsViewModel.swift in Sources */,
				AA00000000000000000117 /* MarkdownResponseView.swift in Sources */,
				AA0000000000000000011a /* ResponseActionsBar.swift in Sources */,
				AA0000000000000000011d /* ResponseCardView.swift in Sources */,
				AA00000000000000000120 /* HeaderView.swift in Sources */,
				AA00000000000000000123 /* ChatListView.swift in Sources */,
				AA00000000000000000126 /* PromptAreaView.swift in Sources */,
				AA00000000000000000129 /* DraggableSplitter.swift in Sources */,
				AA0000000000000000012c /* TagChipsView.swift in Sources */,
				AA0000000000000000012f /* ChatSettingsView.swift in Sources */,
				AA00000000000000000132 /* ModelSelectorView.swift in Sources */,
				AA00000000000000000135 /* SettingsView.swift in Sources */,
				AA00000000000000000138 /* ProvidersTabView.swift in Sources */,
				AA0000000000000000013b /* ChatsTabView.swift in Sources */,
				AA0000000000000000013e /* GlobalTabView.swift in Sources */,
				AA00000000000000000141 /* ExportTabView.swift in Sources */,
				AA00000000000000000147 /* Views/MacMainChatView.swift in Sources */,
				AA00000000000000000152 /* DesignTokens.swift in Sources */,
			);
			runOnlyForDeploymentPostprocessing = 0;
		};
		AA00000000000000000000B4 /* Sources */ = {
			isa = PBXSourcesBuildPhase;
			buildActionMask = 2147483647;
files = (
				AA000000000000000000002E /* macOSApp.swift in Sources */,
				AA00000000000000000109 /* KotlinBridge.swift in Sources */,
				AA0000000000000000010c /* ChatModels.swift in Sources */,
				AA0000000000000000010f /* ProviderModels.swift in Sources */,
				AA00000000000000000112 /* ChatViewModel.swift in Sources */,
				AA00000000000000000115 /* SettingsViewModel.swift in Sources */,
				AA00000000000000000118 /* MarkdownResponseView.swift in Sources */,
				AA0000000000000000011b /* ResponseActionsBar.swift in Sources */,
				AA0000000000000000011e /* ResponseCardView.swift in Sources */,
				AA00000000000000000121 /* HeaderView.swift in Sources */,
				AA00000000000000000124 /* ChatListView.swift in Sources */,
				AA00000000000000000127 /* PromptAreaView.swift in Sources */,
				AA0000000000000000012a /* DraggableSplitter.swift in Sources */,
				AA0000000000000000012d /* TagChipsView.swift in Sources */,
				AA00000000000000000130 /* ChatSettingsView.swift in Sources */,
				AA00000000000000000133 /* ModelSelectorView.swift in Sources */,
				AA00000000000000000136 /* SettingsView.swift in Sources */,
				AA00000000000000000139 /* ProvidersTabView.swift in Sources */,
				AA0000000000000000013c /* ChatsTabView.swift in Sources */,
				AA0000000000000000013f /* GlobalTabView.swift in Sources */,
				AA00000000000000000142 /* ExportTabView.swift in Sources */,
				AA00000000000000000148 /* Views/MacMainChatView.swift in Sources */,
				AA00000000000000000153 /* DesignTokens.swift in Sources */,
			);
			runOnlyForDeploymentPostprocessing = 0;
		};
/* End PBXSourcesBuildPhase section */

/* Begin PBXTargetDependency section */
		AA00000000000000000000T0 /* PBXTargetDependency */ = {
			isa = PBXTargetDependency;
			target = AA00000000000000000000D2 /* KMP Build */;
			targetProxy = AA00000000000000000000P0 /* PBXContainerItemProxy */;
		};
		AA00000000000000000000T1 /* PBXTargetDependency */ = {
			isa = PBXTargetDependency;
			target = AA00000000000000000000D2 /* KMP Build */;
			targetProxy = AA00000000000000000000P1 /* PBXContainerItemProxy */;
		};
/* End PBXTargetDependency section */

/* Begin XCBuildConfiguration section */
		AA00000000000000000001A0 /* Debug */ = {
			isa = XCBuildConfiguration;
			buildSettings = {
				ASSETCATALOG_COMPILER_APPICON_NAME = AppIcon;
				ASSETCATALOG_COMPILER_GLOBAL_ACCENT_COLOR_NAME = AccentColor;
				CODE_SIGN_STYLE = Automatic;
				CURRENT_PROJECT_VERSION = 1;
				DEVELOPMENT_TEAM = "";
				ENABLE_USER_SCRIPT_SANDBOXING = NO;

				SDKROOT = iphoneos;
				SUPPORTED_PLATFORMS = "iphonesimulator iphoneos";
				PRODUCT_BUNDLE_PACKAGE_TYPE = "APPL";
				GENERATE_INFOPLIST_FILE = NO;
				INFOPLIST_FILE = iosApp/Info.plist;
				IPHONEOS_DEPLOYMENT_TARGET = 16.0;
				LD_RUNPATH_SEARCH_PATHS = (
					"$(inherited)",
					"@executable_path/Frameworks",
				);
				MARKETING_VERSION = 1.0;
				PRODUCT_BUNDLE_IDENTIFIER = "s4y.yopt.ios";
				PRODUCT_NAME = "$(TARGET_NAME)";
				SWIFT_EMIT_LOC_STRINGS = YES;
				SWIFT_VERSION = 5.0;
				TARGETED_DEVICE_FAMILY = "1,2";
			};
			name = Debug;
		};
		AA00000000000000000001A1 /* Release */ = {
			isa = XCBuildConfiguration;
			buildSettings = {
				ASSETCATALOG_COMPILER_APPICON_NAME = AppIcon;
				ASSETCATALOG_COMPILER_GLOBAL_ACCENT_COLOR_NAME = AccentColor;
				CODE_SIGN_STYLE = Automatic;
				CURRENT_PROJECT_VERSION = 1;
				DEVELOPMENT_TEAM = "";
				ENABLE_USER_SCRIPT_SANDBOXING = NO;

				SDKROOT = iphoneos;
				SUPPORTED_PLATFORMS = "iphonesimulator iphoneos";
				PRODUCT_BUNDLE_PACKAGE_TYPE = "APPL";
				GENERATE_INFOPLIST_FILE = NO;
				INFOPLIST_FILE = iosApp/Info.plist;
				IPHONEOS_DEPLOYMENT_TARGET = 16.0;
				LD_RUNPATH_SEARCH_PATHS = (
					"$(inherited)",
					"@executable_path/Frameworks",
				);
				MARKETING_VERSION = 1.0;
				PRODUCT_BUNDLE_IDENTIFIER = "s4y.yopt.ios";
				PRODUCT_NAME = "$(TARGET_NAME)";
				SWIFT_EMIT_LOC_STRINGS = YES;
				SWIFT_VERSION = 5.0;
				TARGETED_DEVICE_FAMILY = "1,2";
			};
			name = Release;
		};
		AA00000000000000000001A2 /* Debug */ = {
			isa = XCBuildConfiguration;
			buildSettings = {
				ASSETCATALOG_COMPILER_APPICON_NAME = AppIcon;
				ASSETCATALOG_COMPILER_GLOBAL_ACCENT_COLOR_NAME = AccentColor;
				CODE_SIGN_ENTITLEMENTS = macApp/YoPt.entitlements;
				CODE_SIGN_STYLE = Automatic;
				COMBINE_HIDPI_IMAGES = YES;
				CURRENT_PROJECT_VERSION = 1;
				DEVELOPMENT_TEAM = "";
				ENABLE_USER_SCRIPT_SANDBOXING = NO;
				GENERATE_INFOPLIST_FILE = NO;
				INFOPLIST_FILE = macApp/Info.plist;
				LD_RUNPATH_SEARCH_PATHS = (
					"$(inherited)",
					"@executable_path/../Frameworks",
				);
				MACOSX_DEPLOYMENT_TARGET = 26.0;
				MARKETING_VERSION = 1.0;
				PRODUCT_BUNDLE_IDENTIFIER = "s4y.yopt.mac";
				PRODUCT_NAME = "$(TARGET_NAME)";
				SWIFT_EMIT_LOC_STRINGS = YES;
				SWIFT_VERSION = 5.0;
			};
			name = Debug;
		};
		AA00000000000000000001A3 /* Release */ = {
			isa = XCBuildConfiguration;
			buildSettings = {
				ASSETCATALOG_COMPILER_APPICON_NAME = AppIcon;
				ASSETCATALOG_COMPILER_GLOBAL_ACCENT_COLOR_NAME = AccentColor;
				CODE_SIGN_ENTITLEMENTS = macApp/YoPt.entitlements;
				CODE_SIGN_STYLE = Automatic;
				COMBINE_HIDPI_IMAGES = YES;
				CURRENT_PROJECT_VERSION = 1;
				DEVELOPMENT_TEAM = "";
				ENABLE_USER_SCRIPT_SANDBOXING = NO;
				GENERATE_INFOPLIST_FILE = NO;
				INFOPLIST_FILE = macApp/Info.plist;
				LD_RUNPATH_SEARCH_PATHS = (
					"$(inherited)",
					"@executable_path/../Frameworks",
				);
				MACOSX_DEPLOYMENT_TARGET = 26.0;
				MARKETING_VERSION = 1.0;
				PRODUCT_BUNDLE_IDENTIFIER = "s4y.yopt.mac";
				PRODUCT_NAME = "$(TARGET_NAME)";
				SWIFT_EMIT_LOC_STRINGS = YES;
				SWIFT_VERSION = 5.0;
			};
			name = Release;
		};
		AA00000000000000000001A4 /* Debug */ = {
			isa = XCBuildConfiguration;
			buildSettings = {
				ENABLE_USER_SCRIPT_SANDBOXING = NO;
				PRODUCT_NAME = "$(TARGET_NAME)";
			};
			name = Debug;
		};
		AA00000000000000000001A5 /* Release */ = {
			isa = XCBuildConfiguration;
			buildSettings = {
				ENABLE_USER_SCRIPT_SANDBOXING = NO;
				PRODUCT_NAME = "$(TARGET_NAME)";
			};
			name = Release;
		};
		AA00000000000000000001B0 /* Debug */ = {
			isa = XCBuildConfiguration;
			buildSettings = {
				ALWAYS_SEARCH_USER_PATHS = NO;
				CLANG_CXX_LANGUAGE_STANDARD = "gnu++20";
				CLANG_ENABLE_MODULES = YES;
				CLANG_ENABLE_OBJC_ARC = YES;
				CLANG_ENABLE_OBJC_WEAK = YES;
				CLANG_WARN_BLOCK_CAPTURE_AUTORELEASING = YES;
				CLANG_WARN_BOOL_CONVERSION = YES;
				CLANG_WARN_COMMA = YES;
				CLANG_WARN_CONSTANT_CONVERSION = YES;
				CLANG_WARN_DEPRECATED_OBJC_IMPLEMENTATIONS = YES;
				CLANG_WARN_DIRECT_OBJC_ISA_USAGE = YES_ERROR;
				CLANG_WARN_DOCUMENTATION_COMMENTS = YES;
				CLANG_WARN_EMPTY_BODY = YES;
				CLANG_WARN_ENUM_CONVERSION = YES;
				CLANG_WARN_INFINITE_LOOPS = YES;
				CLANG_WARN_INT_CONVERSION = YES;
				CLANG_WARN_NON_LITERAL_NULL_CONVERSION = YES;
				CLANG_WARN_OBJC_IMPLICIT_RETAIN_SELF = YES;
				CLANG_WARN_OBJC_LITERAL_CONVERSION = YES;
				CLANG_WARN_OBJC_ROOT_CLASS = YES_ERROR;
				CLANG_WARN_RANGE_LOOP_ANALYSIS = YES;
				CLANG_WARN_STRICT_PROTOTYPES = YES;
				CLANG_WARN_SUSPICIOUS_MOVE = YES;
				CLANG_WARN_UNGUARDED_AVAILABILITY = YES_AGGRESSIVE;
				CLANG_WARN_UNREACHABLE_CODE = YES;
				CLANG_WARN__DUPLICATE_METHOD_MATCH = YES;
				COPY_PHASE_STRIP = NO;
				DEBUG_INFORMATION_FORMAT = dwarf;
				ENABLE_STRICT_OBJC_MSGSEND = YES;
				ENABLE_TESTABILITY = YES;
				ENABLE_USER_SCRIPT_SANDBOXING = NO;
				GCC_C_LANGUAGE_STANDARD = gnu17;
				GCC_DYNAMIC_NO_PIC = NO;
				GCC_NO_COMMON_BLOCKS = YES;
				GCC_OPTIMIZATION_LEVEL = 0;
				GCC_PREPROCESSOR_DEFINITIONS = (
					"DEBUG=1",
					"$(inherited)",
				);
				GCC_WARN_64_TO_32_BIT_CONVERSION = YES;
				GCC_WARN_ABOUT_RETURN_TYPE = YES_ERROR;
				GCC_WARN_UNDECLARED_SELECTOR = YES;
				GCC_WARN_UNINITIALIZED_AUTOS = YES_AGGRESSIVE;
				GCC_WARN_UNUSED_FUNCTION = YES;
				GCC_WARN_UNUSED_VARIABLE = YES;
				MTL_ENABLE_DEBUG_INFO = INCLUDE_SOURCE;
				MTL_FAST_MATH = YES;
				ONLY_ACTIVE_ARCH = YES;
				SWIFT_ACTIVE_COMPILATION_CONDITIONS = DEBUG;
				SWIFT_OPTIMIZATION_LEVEL = "-Onone";
			};
			name = Debug;
		};
		AA00000000000000000001B1 /* Release */ = {
			isa = XCBuildConfiguration;
			buildSettings = {
				ALWAYS_SEARCH_USER_PATHS = NO;
				CLANG_CXX_LANGUAGE_STANDARD = "gnu++20";
				CLANG_ENABLE_MODULES = YES;
				CLANG_ENABLE_OBJC_ARC = YES;
				CLANG_ENABLE_OBJC_WEAK = YES;
				CLANG_WARN_BLOCK_CAPTURE_AUTORELEASING = YES;
				CLANG_WARN_BOOL_CONVERSION = YES;
				CLANG_WARN_COMMA = YES;
				CLANG_WARN_CONSTANT_CONVERSION = YES;
				CLANG_WARN_DEPRECATED_OBJC_IMPLEMENTATIONS = YES;
				CLANG_WARN_DIRECT_OBJC_ISA_USAGE = YES_ERROR;
				CLANG_WARN_DOCUMENTATION_COMMENTS = YES;
				CLANG_WARN_EMPTY_BODY = YES;
				CLANG_WARN_ENUM_CONVERSION = YES;
				CLANG_WARN_INFINITE_LOOPS = YES;
				CLANG_WARN_INT_CONVERSION = YES;
				CLANG_WARN_NON_LITERAL_NULL_CONVERSION = YES;
				CLANG_WARN_OBJC_IMPLICIT_RETAIN_SELF = YES;
				CLANG_WARN_OBJC_LITERAL_CONVERSION = YES;
				CLANG_WARN_OBJC_ROOT_CLASS = YES_ERROR;
				CLANG_WARN_RANGE_LOOP_ANALYSIS = YES;
				CLANG_WARN_STRICT_PROTOTYPES = YES;
				CLANG_WARN_SUSPICIOUS_MOVE = YES;
				CLANG_WARN_UNGUARDED_AVAILABILITY = YES_AGGRESSIVE;
				CLANG_WARN_UNREACHABLE_CODE = YES;
				CLANG_WARN__DUPLICATE_METHOD_MATCH = YES;
				COPY_PHASE_STRIP = NO;
				DEBUG_INFORMATION_FORMAT = "dwarf-with-dsym";
				ENABLE_NS_ASSERTIONS = NO;
				ENABLE_STRICT_OBJC_MSGSEND = YES;
				ENABLE_USER_SCRIPT_SANDBOXING = NO;
				GCC_C_LANGUAGE_STANDARD = gnu17;
				GCC_NO_COMMON_BLOCKS = YES;
				GCC_WARN_64_TO_32_BIT_CONVERSION = YES;
				GCC_WARN_ABOUT_RETURN_TYPE = YES_ERROR;
				GCC_WARN_UNDECLARED_SELECTOR = YES;
				GCC_WARN_UNINITIALIZED_AUTOS = YES_AGGRESSIVE;
				GCC_WARN_UNUSED_FUNCTION = YES;
				GCC_WARN_UNUSED_VARIABLE = YES;
				MTL_ENABLE_DEBUG_INFO = NO;
				MTL_FAST_MATH = YES;
				SWIFT_COMPILATION_MODE = wholemodule;
				SWIFT_OPTIMIZATION_LEVEL = "-O";
				VALIDATE_PRODUCT = YES;
			};
			name = Release;
		};
/* End XCBuildConfiguration section */

/* Begin XCConfigurationList section */
		AA00000000000000000000E0 /* Build configuration list for PBXNativeTarget "YoPt iOS" */ = {
			isa = XCConfigurationList;
			buildConfigurations = (
				AA00000000000000000001A0 /* Debug */,
				AA00000000000000000001A1 /* Release */,
			);
			defaultConfigurationIsVisible = 0;
			defaultConfigurationName = Release;
		};
		AA00000000000000000000E1 /* Build configuration list for PBXNativeTarget "YoPt macOS" */ = {
			isa = XCConfigurationList;
			buildConfigurations = (
				AA00000000000000000001A2 /* Debug */,
				AA00000000000000000001A3 /* Release */,
			);
			defaultConfigurationIsVisible = 0;
			defaultConfigurationName = Release;
		};
		AA00000000000000000000E2 /* Build configuration list for PBXProject "YoPt" */ = {
			isa = XCConfigurationList;
			buildConfigurations = (
				AA00000000000000000001B0 /* Debug */,
				AA00000000000000000001B1 /* Release */,
			);
			defaultConfigurationIsVisible = 0;
			defaultConfigurationName = Release;
		};
		AA00000000000000000000E3 /* Build configuration list for PBXAggregateTarget "KMP Build" */ = {
			isa = XCConfigurationList;
			buildConfigurations = (
				AA00000000000000000001A4 /* Debug */,
				AA00000000000000000001A5 /* Release */,
			);
			defaultConfigurationIsVisible = 0;
			defaultConfigurationName = Release;
		};
/* End XCConfigurationList section */
	};
	rootObject = AA00000000000000000000FF /* Project object */;
}
